
Microsoft Visual Studio Solution File, Format Version 12.00
# Visual Studio Version 17
VisualStudioVersion = 17.13.35825.156 d17.13
MinimumVisualStudioVersion = 10.0.40219.1
Project("{F2A71F9B-5D33-465A-A702-920D77279786}") = "3 .Задание 2", "3 .Задание 2.fsproj", "{DE55147C-A902-45E4-8CD5-30F6B58FC745}"
EndProject
Global
	GlobalSection(SolutionConfigurationPlatforms) = preSolution
		Debug|Any CPU = Debug|Any CPU
		Release|Any CPU = Release|Any CPU
	EndGlobalSection
	GlobalSection(ProjectConfigurationPlatforms) = postSolution
		{DE55147C-A902-45E4-8CD5-30F6B58FC745}.Debug|Any CPU.ActiveCfg = Debug|Any CPU
		{DE55147C-A902-45E4-8CD5-30F6B58FC745}.Debug|Any CPU.Build.0 = Debug|Any CPU
		{DE55147C-A902-45E4-8CD5-30F6B58FC745}.Release|Any CPU.ActiveCfg = Release|Any CPU
		{DE55147C-A902-45E4-8CD5-30F6B58FC745}.Release|Any CPU.Build.0 = Release|Any CPU
	EndGlobalSection
	GlobalSection(SolutionProperties) = preSolution
		HideSolutionNode = FALSE
	EndGlobalSection
	GlobalSection(ExtensibilityGlobals) = postSolution
		SolutionGuid = {6A5E9415-9351-47CB-947A-7BF0DB94DE4F}
	EndGlobalSection
EndGlobal
